// !$*UTF8*$!
{
	archiveVersion = 1;
	classes = {
	};
	objectVersion = 50;
	objects = {

/* Begin PBXBuildFile section */
		3E56AA162AEC365900CA283E /* AppDelegate.swift in Sources */ = {isa = PBXBuildFile; fileRef = 3E56AA152AEC365900CA283E /* AppDelegate.swift */; };
		3E56AA182AEC365900CA283E /* SceneDelegate.swift in Sources */ = {isa = PBXBuildFile; fileRef = 3E56AA172AEC365900CA283E /* SceneDelegate.swift */; };
		3E56AA1A2AEC365900CA283E /* ViewController.swift in Sources */ = {isa = PBXBuildFile; fileRef = 3E56AA192AEC365900CA283E /* ViewController.swift */; };
		3E56AA1F2AEC365F00CA283E /* Assets.xcassets in Resources */ = {isa = PBXBuildFile; fileRef = 3E56AA1E2AEC365F00CA283E /* Assets.xcassets */; };
		3E56AA222AEC365F00CA283E /* LaunchScreen.storyboard in Resources */ = {isa = PBXBuildFile; fileRef = 3E56AA202AEC365F00CA283E /* LaunchScreen.storyboard */; };
		3E56AA2C2AEC573A00CA283E /* HomePageVC.swift in Sources */ = {isa = PBXBuildFile; fileRef = 3E56AA2B2AEC573A00CA283E /* HomePageVC.swift */; };
		3E56AA2F2AEC660F00CA283E /* ColorPaletteVC.swift in Sources */ = {isa = PBXBuildFile; fileRef = 3E56AA2E2AEC660F00CA283E /* ColorPaletteVC.swift */; };
/* End PBXBuildFile section */

/* Begin PBXFileReference section */
		3E56AA122AEC365900CA283E /* Assignment11.app */ = {isa = PBXFileReference; explicitFileType = wrapper.application; includeInIndex = 0; path = Assignment11.app; sourceTree = BUILT_PRODUCTS_DIR; };
		3E56AA152AEC365900CA283E /* AppDelegate.swift */ = {isa = PBXFileReference; lastKnownFileType = sourcecode.swift; path = AppDelegate.swift; sourceTree = "<group>"; };
		3E56AA172AEC365900CA283E /* SceneDelegate.swift */ = {isa = PBXFileReference; lastKnownFileType = sourcecode.swift; path = SceneDelegate.swift; sourceTree = "<group>"; };
		3E56AA192AEC365900CA283E /* ViewController.swift */ = {isa = PBXFileReference; lastKnownFileType = sourcecode.swift; path = ViewController.swift; sourceTree = "<group>"; };
		3E56AA1E2AEC365F00CA283E /* Assets.xcassets */ = {isa = PBXFileReference; lastKnownFileType = folder.assetcatalog; path = Assets.xcassets; sourceTree = "<group>"; };
		3E56AA212AEC365F00CA283E /* Base */ = {isa = PBXFileReference; lastKnownFileType = file.storyboard; name = Base; path = Base.lproj/LaunchScreen.storyboard; sourceTree = "<group>"; };
		3E56AA232AEC365F00CA283E /* Info.plist */ = {isa = PBXFileReference; lastKnownFileType = text.plist.xml; path = Info.plist; sourceTree = "<group>"; };
		3E56AA2B2AEC573A00CA283E /* HomePageVC.swift */ = {isa = PBXFileReference; lastKnownFileType = sourcecode.swift; path = HomePageVC.swift; sourceTree = "<group>"; };
		3E56AA2E2AEC660F00CA283E /* ColorPaletteVC.swift */ = {isa = PBXFileReference; lastKnownFileType = sourcecode.swift; path = ColorPaletteVC.swift; sourceTree = "<group>"; };
/* End PBXFileReference section */

/* Begin PBXFrameworksBuildPhase section */
		3E56AA0F2AEC365900CA283E /* Frameworks */ = {
			isa = PBXFrameworksBuildPhase;
			buildActionMask = 2147483647;
			files = (
			);
			runOnlyForDeploymentPostprocessing = 0;
		};
/* End PBXFrameworksBuildPhase section */

/* Begin PBXGroup section */
		3E56AA092AEC365900CA283E = {
			isa = PBXGroup;
			children = (
				3E56AA142AEC365900CA283E /* Assignment11 */,
				3E56AA132AEC365900CA283E /* Products */,
			);
			sourceTree = "<group>";
		};
		3E56AA132AEC365900CA283E /* Products */ = {
			isa = PBXGroup;
			children = (
				3E56AA122AEC365900CA283E /* Assignment11.app */,
			);
			name = Products;
			sourceTree = "<group>";
		};
		3E56AA142AEC365900CA283E /* Assignment11 */ = {
			isa = PBXGroup;
			children = (
				3E56AA152AEC365900CA283E /* AppDelegate.swift */,
				3E56AA172AEC365900CA283E /* SceneDelegate.swift */,
				3E56AA192AEC365900CA283E /* ViewController.swift */,
				3E56AA2E2AEC660F00CA283E /* ColorPaletteVC.swift */,
				3E56AA2B2AEC573A00CA283E /* HomePageVC.swift */,
				3E56AA1E2AEC365F00CA283E /* Assets.xcassets */,
				3E56AA202AEC365F00CA283E /* LaunchScreen.storyboard */,
				3E56AA232AEC365F00CA283E /* Info.plist */,
			);
			path = Assignment11;
			sourceTree = "<group>";
		};
/* End PBXGroup section */

/* Begin PBXNativeTarget section */
		3E56AA112AEC365900CA283E /* Assignment11 */ = {
			isa = PBXNativeTarget;
			buildConfigurationList = 3E56AA262AEC365F00CA283E /* Build configuration list for PBXNativeTarget "Assignment11" */;
			buildPhases = (
				3E56AA0E2AEC365900CA283E /* Sources */,
				3E56AA0F2AEC365900CA283E /* Frameworks */,
				3E56AA102AEC365900CA283E /* Resources */,
			);
			buildRules = (
			);
			dependencies = (
			);
			name = Assignment11;
			productName = Assignment11;
			productReference = 3E56AA122AEC365900CA283E /* Assignment11.app */;
			productType = "com.apple.product-type.application";
		};
/* End PBXNativeTarget section */

/* Begin PBXProject section */
		3E56AA0A2AEC365900CA283E /* Project object */ = {
			isa = PBXProject;
			attributes = {
				LastSwiftUpdateCheck = 1240;
				LastUpgradeCheck = 1240;
				TargetAttributes = {
					3E56AA112AEC365900CA283E = {
						CreatedOnToolsVersion = 12.4;
					};
				};
			};
			buildConfigurationList = 3E56AA0D2AEC365900CA283E /* Build configuration list for PBXProject "Assignment11" */;
			compatibilityVersion = "Xcode 9.3";
			developmentRegion = en;
			hasScannedForEncodings = 0;
			knownRegions = (
				en,
				Base,
			);
			mainGroup = 3E56AA092AEC365900CA283E;
			productRefGroup = 3E56AA132AEC365900CA283E /* Products */;
			projectDirPath = "";
			projectRoot = "";
			targets = (
				3E56AA112AEC365900CA283E /* Assignment11 */,
			);
		};
/* End PBXProject section */

/* Begin PBXResourcesBuildPhase section */
		3E56AA102AEC365900CA283E /* Resources */ = {
			isa = PBXResourcesBuildPhase;
			buildActionMask = 2147483647;
			files = (
				3E56AA222AEC365F00CA283E /* LaunchScreen.storyboard in Resources */,
				3E56AA1F2AEC365F00CA283E /* Assets.xcassets in Resources */,
			);
			runOnlyForDeploymentPostprocessing = 0;
		};
/* End PBXResourcesBuildPhase section */

/* Begin PBXSourcesBuildPhase section */
		3E56AA0E2AEC365900CA283E /* Sources */ = {
			isa = PBXSourcesBuildPhase;
			buildActionMask = 2147483647;
			files = (
				3E56AA1A2AEC365900CA283E /* ViewController.swift in Sources */,
				3E56AA162AEC365900CA283E /* AppDelegate.swift in Sources */,
				3E56AA2F2AEC660F00CA283E /* ColorPaletteVC.swift in Sources */,
				3E56AA2C2AEC573A00CA283E /* HomePageVC.swift in Sources */,
				3E56AA182AEC365900CA283E /* SceneDelegate.swift in Sources */,
			);
			runOnlyForDeploymentPostprocessing = 0;
		};
/* End PBXSourcesBuildPhase section */

/* Begin PBXVariantGroup section */
		3E56AA202AEC365F00CA283E /* LaunchScreen.storyboard */ = {
			isa = PBXVariantGroup;
			children = (
				3E56AA212AEC365F00CA283E /* Base */,
			);
			name = LaunchScreen.storyboard;
			sourceTree = "<group>";
		};
/* End PBXVariantGroup section */

/* Begin XCBuildConfiguration section */
		3E56AA242AEC365F00CA283E /* Debug */ = {
			isa = XCBuildConfiguration;
			buildSettings = {
				ALWAYS_SEARCH_USER_PATHS = NO;
				CLANG_ANALYZER_NONNULL = YES;
				CLANG_ANALYZER_NUMBER_OBJECT_CONVERSION = YES_AGGRESSIVE;
				CLANG_CXX_LANGUAGE_STANDARD = "gnu++14";
				CLANG_CXX_LIBRARY = "libc++";
				CLANG_ENABLE_MODULES = YES;
				CLANG_ENABLE_OBJC_ARC = YES;
				CLANG_ENABLE_OBJC_WEAK = YES;
				CLANG_WARN_BLOCK_CAPTURE_AUTORELEASING = YES;
				CLANG_WARN_BOOL_CONVERSION = YES;
				CLANG_WARN_COMMA = YES;
				CLANG_WARN_CONSTANT_CONVERSION = YES;
				CLANG_WARN_DEPRECATED_OBJC_IMPLEMENTATIONS = YES;
				CLANG_WARN_DIRECT_OBJC_ISA_USAGE = YES_ERROR;
				CLANG_WARN_DOCUMENTATION_COMMENTS = YES;
				CLANG_WARN_EMPTY_BODY = YES;
				CLANG_WARN_ENUM_CONVERSION = YES;
				CLANG_WARN_INFINITE_RECURSION = YES;
				CLANG_WARN_INT_CONVERSION = YES;
				CLANG_WARN_NON_LITERAL_NULL_CONVERSION = YES;
				CLANG_WARN_OBJC_IMPLICIT_RETAIN_SELF = YES;
				CLANG_WARN_OBJC_LITERAL_CONVERSION = YES;
				CLANG_WARN_OBJC_ROOT_CLASS = YES_ERROR;
				CLANG_WARN_QUOTED_INCLUDE_IN_FRAMEWORK_HEADER = YES;
				CLANG_WARN_RANGE_LOOP_ANALYSIS = YES;
				CLANG_WARN_STRICT_PROTOTYPES = YES;
				CLANG_WARN_SUSPICIOUS_MOVE = YES;
				CLANG_WARN_UNGUARDED_AVAILABILITY = YES_AGGRESSIVE;
				CLANG_WARN_UNREACHABLE_CODE = YES;
				CLANG_WARN__DUPLICATE_METHOD_MATCH = YES;
				COPY_PHASE_STRIP = NO;
				DEBUG_INFORMATION_FORMAT = dwarf;
				ENABLE_STRICT_OBJC_MSGSEND = YES;
				ENABLE_TESTABILITY = YES;
				GCC_C_LANGUAGE_STANDARD = gnu11;
				GCC_DYNAMIC_NO_PIC = NO;
				GCC_NO_COMMON_BLOCKS = YES;
				GCC_OPTIMIZATION_LEVEL = 0;
				GCC_PREPROCESSOR_DEFINITIONS = (
					"DEBUG=1",
					"$(inherited)",
				);
				GCC_WARN_64_TO_32_BIT_CONVERSION = YES;
				GCC_WARN_ABOUT_RETURN_TYPE = YES_ERROR;
				GCC_WARN_UNDECLARED_SELECTOR = YES;
				GCC_WARN_UNINITIALIZED_AUTOS = YES_AGGRESSIVE;
				GCC_WARN_UNUSED_FUNCTION = YES;
				GCC_WARN_UNUSED_VARIABLE = YES;
				IPHONEOS_DEPLOYMENT_TARGET = 14.4;
				MTL_ENABLE_DEBUG_INFO = INCLUDE_SOURCE;
				MTL_FAST_MATH = YES;
				ONLY_ACTIVE_ARCH = YES;
				SDKROOT = iphoneos;
				SWIFT_ACTIVE_COMPILATION_CONDITIONS = DEBUG;
				SWIFT_OPTIMIZATION_LEVEL = "-Onone";
			};
			name = Debug;
		};
		3E56AA252AEC365F00CA283E /* Release */ = {
			isa = XCBuildConfiguration;
			buildSettings = {
				ALWAYS_SEARCH_USER_PATHS = NO;
				CLANG_ANALYZER_NONNULL = YES;
				CLANG_ANALYZER_NUMBER_OBJECT_CONVERSION = YES_AGGRESSIVE;
				CLANG_CXX_LANGUAGE_STANDARD = "gnu++14";
				CLANG_CXX_LIBRARY = "libc++";
				CLANG_ENABLE_MODULES = YES;
				CLANG_ENABLE_OBJC_ARC = YES;
				CLANG_ENABLE_OBJC_WEAK = YES;
				CLANG_WARN_BLOCK_CAPTURE_AUTORELEASING = YES;
				CLANG_WARN_BOOL_CONVERSION = YES;
				CLANG_WARN_COMMA = YES;
				CLANG_WARN_CONSTANT_CONVERSION = YES;
				CLANG_WARN_DEPRECATED_OBJC_IMPLEMENTATIONS = YES;
				CLANG_WARN_DIRECT_OBJC_ISA_USAGE = YES_ERROR;
				CLANG_WARN_DOCUMENTATION_COMMENTS = YES;
				CLANG_WARN_EMPTY_BODY = YES;
				CLANG_WARN_ENUM_CONVERSION = YES;
				CLANG_WARN_INFINITE_RECURSION = YES;
				CLANG_WARN_INT_CONVERSION = YES;
				CLANG_WARN_NON_LITERAL_NULL_CONVERSION = YES;
				CLANG_WARN_OBJC_IMPLICIT_RETAIN_SELF = YES;
				CLANG_WARN_OBJC_LITERAL_CONVERSION = YES;
				CLANG_WARN_OBJC_ROOT_CLASS = YES_ERROR;
				CLANG_WARN_QUOTED_INCLUDE_IN_FRAMEWORK_HEADER = YES;
				CLANG_WARN_RANGE_LOOP_ANALYSIS = YES;
				CLANG_WARN_STRICT_PROTOTYPES = YES;
				CLANG_WARN_SUSPICIOUS_MOVE = YES;
				CLANG_WARN_UNGUARDED_AVAILABILITY = YES_AGGRESSIVE;
				CLANG_WARN_UNREACHABLE_CODE = YES;
				CLANG_WARN__DUPLICATE_METHOD_MATCH = YES;
				COPY_PHASE_STRIP = NO;
				DEBUG_INFORMATION_FORMAT = "dwarf-with-dsym";
				ENABLE_NS_ASSERTIONS = NO;
				ENABLE_STRICT_OBJC_MSGSEND = YES;
				GCC_C_LANGUAGE_STANDARD = gnu11;
				GCC_NO_COMMON_BLOCKS = YES;
				GCC_WARN_64_TO_32_BIT_CONVERSION = YES;
				GCC_WARN_ABOUT_RETURN_TYPE = YES_ERROR;
				GCC_WARN_UNDECLARED_SELECTOR = YES;
				GCC_WARN_UNINITIALIZED_AUTOS = YES_AGGRESSIVE;
				GCC_WARN_UNUSED_FUNCTION = YES;
				GCC_WARN_UNUSED_VARIABLE = YES;
				IPHONEOS_DEPLOYMENT_TARGET = 14.4;
				MTL_ENABLE_DEBUG_INFO = NO;
				MTL_FAST_MATH = YES;
				SDKROOT = iphoneos;
				SWIFT_COMPILATION_MODE = wholemodule;
				SWIFT_OPTIMIZATION_LEVEL = "-O";
				VALIDATE_PRODUCT = YES;
			};
			name = Release;
		};
		3E56AA272AEC365F00CA283E /* Debug */ = {
			isa = XCBuildConfiguration;
			buildSettings = {
				ASSETCATALOG_COMPILER_APPICON_NAME = AppIcon;
				ASSETCATALOG_COMPILER_GLOBAL_ACCENT_COLOR_NAME = AccentColor;
				CODE_SIGN_STYLE = Automatic;
				INFOPLIST_FILE = Assignment11/Info.plist;
				LD_RUNPATH_SEARCH_PATHS = (
					"$(inherited)",
					"@executable_path/Frameworks",
				);
				PRODUCT_BUNDLE_IDENTIFIER = com.tbcAcademy.Assignment11;
				PRODUCT_NAME = "$(TARGET_NAME)";
				SWIFT_VERSION = 5.0;
				TARGETED_DEVICE_FAMILY = 1;
			};
			name = Debug;
		};
		3E56AA282AEC365F00CA283E /* Release */ = {
			isa = XCBuildConfiguration;
			buildSettings = {
				ASSETCATALOG_COMPILER_APPICON_NAME = AppIcon;
				ASSETCATALOG_COMPILER_GLOBAL_ACCENT_COLOR_NAME = AccentColor;
				CODE_SIGN_STYLE = Automatic;
				INFOPLIST_FILE = Assignment11/Info.plist;
				LD_RUNPATH_SEARCH_PATHS = (
					"$(inherited)",
					"@executable_path/Frameworks",
				);
				PRODUCT_BUNDLE_IDENTIFIER = com.tbcAcademy.Assignment11;
				PRODUCT_NAME = "$(TARGET_NAME)";
				SWIFT_VERSION = 5.0;
				TARGETED_DEVICE_FAMILY = 1;
			};
			name = Release;
		};
/* End XCBuildConfiguration section */

/* Begin XCConfigurationList section */
		3E56AA0D2AEC365900CA283E /* Build configuration list for PBXProject "Assignment11" */ = {
			isa = XCConfigurationList;
			buildConfigurations = (
				3E56AA242AEC365F00CA283E /* Debug */,
				3E56AA252AEC365F00CA283E /* Release */,
			);
			defaultConfigurationIsVisible = 0;
			defaultConfigurationName = Release;
		};
		3E56AA262AEC365F00CA283E /* Build configuration list for PBXNativeTarget "Assignment11" */ = {
			isa = XCConfigurationList;
			buildConfigurations = (
				3E56AA272AEC365F00CA283E /* Debug */,
				3E56AA282AEC365F00CA283E /* Release */,
			);
			defaultConfigurationIsVisible = 0;
			defaultConfigurationName = Release;
		};
/* End XCConfigurationList section */
	};
	rootObject = 3E56AA0A2AEC365900CA283E /* Project object */;
}
